
Microsoft Visual Studio Solution File, Format Version 12.00
# Visual Studio Version 17
VisualStudioVersion = 17.5.33516.290
MinimumVisualStudioVersion = 10.0.40219.1
Project("{FAE04EC0-301F-11D3-BF4B-00C04F79EFBC}") = "Marija_Homework_Class03_Code", "Marija_Homework_Class03_Code\Marija_Homework_Class03_Code.csproj", "{1EF3214B-2318-4B81-B4A7-0FD59541B692}"
EndProject
Global
	GlobalSection(SolutionConfigurationPlatforms) = preSolution
		Debug|Any CPU = Debug|Any CPU
		Release|Any CPU = Release|Any CPU
	EndGlobalSection
	GlobalSection(ProjectConfigurationPlatforms) = postSolution
		{1EF3214B-2318-4B81-B4A7-0FD59541B692}.Debug|Any CPU.ActiveCfg = Debug|Any CPU
		{1EF3214B-2318-4B81-B4A7-0FD59541B692}.Debug|Any CPU.Build.0 = Debug|Any CPU
		{1EF3214B-2318-4B81-B4A7-0FD59541B692}.Release|Any CPU.ActiveCfg = Release|Any CPU
		{1EF3214B-2318-4B81-B4A7-0FD59541B692}.Release|Any CPU.Build.0 = Release|Any CPU
	EndGlobalSection
	GlobalSection(SolutionProperties) = preSolution
		HideSolutionNode = FALSE
	EndGlobalSection
	GlobalSection(ExtensibilityGlobals) = postSolution
		SolutionGuid = {533C9AEF-7A3B-4FAE-9430-5744A268D70B}
	EndGlobalSection
EndGlobal
